Microsoft Visual Studio Solution File, Format Version 12.00
# Visual Studio Version 17
VisualStudioVersion = 17.5.2.0
MinimumVisualStudioVersion = 10.0.40219.1
Project("{FAE04EC0-301F-11D3-BF4B-00C04F79EFBC}") = "FeedHorn", "FeedHorn.csproj", "{AF863E8D-9838-1420-A62B-5A4C0ED038D2}"
EndProject
Global
	GlobalSection(SolutionConfigurationPlatforms) = preSolution
		Debug|Any CPU = Debug|Any CPU
		Release|Any CPU = Release|Any CPU
	EndGlobalSection
	GlobalSection(ProjectConfigurationPlatforms) = postSolution
		{AF863E8D-9838-1420-A62B-5A4C0ED038D2}.Debug|Any CPU.ActiveCfg = Debug|Any CPU
		{AF863E8D-9838-1420-A62B-5A4C0ED038D2}.Debug|Any CPU.Build.0 = Debug|Any CPU
		{AF863E8D-9838-1420-A62B-5A4C0ED038D2}.Release|Any CPU.ActiveCfg = Release|Any CPU
		{AF863E8D-9838-1420-A62B-5A4C0ED038D2}.Release|Any CPU.Build.0 = Release|Any CPU
	EndGlobalSection
	GlobalSection(SolutionProperties) = preSolution
		HideSolutionNode = FALSE
	EndGlobalSection
	GlobalSection(ExtensibilityGlobals) = postSolution
		SolutionGuid = {2F4252E2-C975-4D25-A898-C50C4D3EDF04}
	EndGlobalSection
EndGlobal
